// !$*UTF8*$!
{
	archiveVersion = 1;
	classes = {
	};
	objectVersion = 48;
	objects = {

/* Begin PBXBuildFile section */
		BA04F7957A09223B37A941D8 /* Pods_Safety.framework in Frameworks */ = {isa = PBXBuildFile; fileRef = 2AE0350E6BF17129D300203A /* Pods_Safety.framework */; };
		C738B555204B4A2A00C57A2D /* Notifications.swift in Sources */ = {isa = PBXBuildFile; fileRef = C738B554204B4A2A00C57A2D /* Notifications.swift */; };
		C738B557204B4AE500C57A2D /* AppNotifications.swift in Sources */ = {isa = PBXBuildFile; fileRef = C738B556204B4AE500C57A2D /* AppNotifications.swift */; };
		C7B447B6204B444F00205598 /* ManifestEntry.swift in Sources */ = {isa = PBXBuildFile; fileRef = C7B447AF204B444F00205598 /* ManifestEntry.swift */; };
		C7B447B7204B444F00205598 /* Downloader.swift in Sources */ = {isa = PBXBuildFile; fileRef = C7B447B0204B444F00205598 /* Downloader.swift */; };
		C7B447B8204B444F00205598 /* SyncUtils.swift in Sources */ = {isa = PBXBuildFile; fileRef = C7B447B1204B444F00205598 /* SyncUtils.swift */; };
		C7B447BA204B444F00205598 /* Manifest.swift in Sources */ = {isa = PBXBuildFile; fileRef = C7B447B3204B444F00205598 /* Manifest.swift */; };
		C7B447BB204B444F00205598 /* ManifestDownloader.swift in Sources */ = {isa = PBXBuildFile; fileRef = C7B447B4204B444F00205598 /* ManifestDownloader.swift */; };
		C7B447BC204B444F00205598 /* ManifestDownloaderDelegate.swift in Sources */ = {isa = PBXBuildFile; fileRef = C7B447B5204B444F00205598 /* ManifestDownloaderDelegate.swift */; };
		C7E9F3F4204B27B600E4D8A1 /* AppDelegate.swift in Sources */ = {isa = PBXBuildFile; fileRef = C7E9F3F3204B27B600E4D8A1 /* AppDelegate.swift */; };
		C7E9F3F6204B27B600E4D8A1 /* FirstViewController.swift in Sources */ = {isa = PBXBuildFile; fileRef = C7E9F3F5204B27B600E4D8A1 /* FirstViewController.swift */; };
		C7E9F3F8204B27B600E4D8A1 /* SecondViewController.swift in Sources */ = {isa = PBXBuildFile; fileRef = C7E9F3F7204B27B600E4D8A1 /* SecondViewController.swift */; };
		C7E9F3FB204B27B600E4D8A1 /* Main.storyboard in Resources */ = {isa = PBXBuildFile; fileRef = C7E9F3F9204B27B600E4D8A1 /* Main.storyboard */; };
		C7E9F3FD204B27B600E4D8A1 /* Assets.xcassets in Resources */ = {isa = PBXBuildFile; fileRef = C7E9F3FC204B27B600E4D8A1 /* Assets.xcassets */; };
		C7E9F400204B27B600E4D8A1 /* LaunchScreen.storyboard in Resources */ = {isa = PBXBuildFile; fileRef = C7E9F3FE204B27B600E4D8A1 /* LaunchScreen.storyboard */; };
		C7FA30E4204B435F0079475E /* oden-manifest.json in Resources */ = {isa = PBXBuildFile; fileRef = C7FA30DD204B435F0079475E /* oden-manifest.json */; };
/* End PBXBuildFile section */

/* Begin PBXFileReference section */
		2AE0350E6BF17129D300203A /* Pods_Safety.framework */ = {isa = PBXFileReference; explicitFileType = wrapper.framework; includeInIndex = 0; path = Pods_Safety.framework; sourceTree = BUILT_PRODUCTS_DIR; };
		726C045253CC989B51F27C46 /* Pods-Safety.release.xcconfig */ = {isa = PBXFileReference; includeInIndex = 1; lastKnownFileType = text.xcconfig; name = "Pods-Safety.release.xcconfig"; path = "Pods/Target Support Files/Pods-Safety/Pods-Safety.release.xcconfig"; sourceTree = "<group>"; };
		C738B554204B4A2A00C57A2D /* Notifications.swift */ = {isa = PBXFileReference; lastKnownFileType = sourcecode.swift; path = Notifications.swift; sourceTree = "<group>"; };
		C738B556204B4AE500C57A2D /* AppNotifications.swift */ = {isa = PBXFileReference; lastKnownFileType = sourcecode.swift; path = AppNotifications.swift; sourceTree = "<group>"; };
		C7B447AF204B444F00205598 /* ManifestEntry.swift */ = {isa = PBXFileReference; fileEncoding = 4; lastKnownFileType = sourcecode.swift; path = ManifestEntry.swift; sourceTree = "<group>"; };
		C7B447B0204B444F00205598 /* Downloader.swift */ = {isa = PBXFileReference; fileEncoding = 4; lastKnownFileType = sourcecode.swift; path = Downloader.swift; sourceTree = "<group>"; };
		C7B447B1204B444F00205598 /* SyncUtils.swift */ = {isa = PBXFileReference; fileEncoding = 4; lastKnownFileType = sourcecode.swift; path = SyncUtils.swift; sourceTree = "<group>"; };
		C7B447B3204B444F00205598 /* Manifest.swift */ = {isa = PBXFileReference; fileEncoding = 4; lastKnownFileType = sourcecode.swift; path = Manifest.swift; sourceTree = "<group>"; };
		C7B447B4204B444F00205598 /* ManifestDownloader.swift */ = {isa = PBXFileReference; fileEncoding = 4; lastKnownFileType = sourcecode.swift; path = ManifestDownloader.swift; sourceTree = "<group>"; };
		C7B447B5204B444F00205598 /* ManifestDownloaderDelegate.swift */ = {isa = PBXFileReference; fileEncoding = 4; lastKnownFileType = sourcecode.swift; path = ManifestDownloaderDelegate.swift; sourceTree = "<group>"; };
		C7E9F3F0204B27B600E4D8A1 /* Safety.app */ = {isa = PBXFileReference; explicitFileType = wrapper.application; includeInIndex = 0; path = Safety.app; sourceTree = BUILT_PRODUCTS_DIR; };
		C7E9F3F3204B27B600E4D8A1 /* AppDelegate.swift */ = {isa = PBXFileReference; lastKnownFileType = sourcecode.swift; path = AppDelegate.swift; sourceTree = "<group>"; };
		C7E9F3F5204B27B600E4D8A1 /* FirstViewController.swift */ = {isa = PBXFileReference; lastKnownFileType = sourcecode.swift; path = FirstViewController.swift; sourceTree = "<group>"; };
		C7E9F3F7204B27B600E4D8A1 /* SecondViewController.swift */ = {isa = PBXFileReference; lastKnownFileType = sourcecode.swift; path = SecondViewController.swift; sourceTree = "<group>"; };
		C7E9F3FA204B27B600E4D8A1 /* Base */ = {isa = PBXFileReference; lastKnownFileType = file.storyboard; name = Base; path = Base.lproj/Main.storyboard; sourceTree = "<group>"; };
		C7E9F3FC204B27B600E4D8A1 /* Assets.xcassets */ = {isa = PBXFileReference; lastKnownFileType = folder.assetcatalog; path = Assets.xcassets; sourceTree = "<group>"; };
		C7E9F3FF204B27B600E4D8A1 /* Base */ = {isa = PBXFileReference; lastKnownFileType = file.storyboard; name = Base; path = Base.lproj/LaunchScreen.storyboard; sourceTree = "<group>"; };
		C7E9F401204B27B600E4D8A1 /* Info.plist */ = {isa = PBXFileReference; lastKnownFileType = text.plist.xml; path = Info.plist; sourceTree = "<group>"; };
		C7FA30DD204B435F0079475E /* oden-manifest.json */ = {isa = PBXFileReference; fileEncoding = 4; lastKnownFileType = text.json; name = "oden-manifest.json"; path = "../../../../oden-iOS-getting-started/ODENSample/ODENSample/oden-manifest.json"; sourceTree = "<group>"; };
		FDA285BC303039220137BFBF /* Pods-Safety.debug.xcconfig */ = {isa = PBXFileReference; includeInIndex = 1; lastKnownFileType = text.xcconfig; name = "Pods-Safety.debug.xcconfig"; path = "Pods/Target Support Files/Pods-Safety/Pods-Safety.debug.xcconfig"; sourceTree = "<group>"; };
/* End PBXFileReference section */

/* Begin PBXFrameworksBuildPhase section */
		C7E9F3ED204B27B600E4D8A1 /* Frameworks */ = {
			isa = PBXFrameworksBuildPhase;
			buildActionMask = 2147483647;
			files = (
				BA04F7957A09223B37A941D8 /* Pods_Safety.framework in Frameworks */,
			);
			runOnlyForDeploymentPostprocessing = 0;
		};
/* End PBXFrameworksBuildPhase section */

/* Begin PBXGroup section */
		7B368923421E7673881B124E /* Frameworks */ = {
			isa = PBXGroup;
			children = (
				2AE0350E6BF17129D300203A /* Pods_Safety.framework */,
			);
			name = Frameworks;
			sourceTree = "<group>";
		};
		BC7EAA330FF3942DCE9ED77A /* Pods */ = {
			isa = PBXGroup;
			children = (
				FDA285BC303039220137BFBF /* Pods-Safety.debug.xcconfig */,
				726C045253CC989B51F27C46 /* Pods-Safety.release.xcconfig */,
			);
			name = Pods;
			sourceTree = "<group>";
		};
		C7B447BD204B445D00205598 /* ODEN */ = {
			isa = PBXGroup;
			children = (
				C7B447B0204B444F00205598 /* Downloader.swift */,
				C7B447B3204B444F00205598 /* Manifest.swift */,
				C7B447B4204B444F00205598 /* ManifestDownloader.swift */,
				C7B447B5204B444F00205598 /* ManifestDownloaderDelegate.swift */,
				C7B447AF204B444F00205598 /* ManifestEntry.swift */,
				C7B447B1204B444F00205598 /* SyncUtils.swift */,
			);
			path = ODEN;
			sourceTree = "<group>";
		};
		C7E9F3E7204B27B600E4D8A1 = {
			isa = PBXGroup;
			children = (
				C7E9F3F2204B27B600E4D8A1 /* Safety */,
				C7E9F3F1204B27B600E4D8A1 /* Products */,
				BC7EAA330FF3942DCE9ED77A /* Pods */,
				7B368923421E7673881B124E /* Frameworks */,
			);
			sourceTree = "<group>";
		};
		C7E9F3F1204B27B600E4D8A1 /* Products */ = {
			isa = PBXGroup;
			children = (
				C7E9F3F0204B27B600E4D8A1 /* Safety.app */,
			);
			name = Products;
			sourceTree = "<group>";
		};
		C7E9F3F2204B27B600E4D8A1 /* Safety */ = {
			isa = PBXGroup;
			children = (
				C7E9F3F3204B27B600E4D8A1 /* AppDelegate.swift */,
				C7E9F3F5204B27B600E4D8A1 /* FirstViewController.swift */,
				C7E9F3F7204B27B600E4D8A1 /* SecondViewController.swift */,
				C7E9F3F9204B27B600E4D8A1 /* Main.storyboard */,
				C7E9F3FC204B27B600E4D8A1 /* Assets.xcassets */,
				C7E9F3FE204B27B600E4D8A1 /* LaunchScreen.storyboard */,
				C7E9F401204B27B600E4D8A1 /* Info.plist */,
				C7B447BD204B445D00205598 /* ODEN */,
				C7FA30DD204B435F0079475E /* oden-manifest.json */,
				C738B554204B4A2A00C57A2D /* Notifications.swift */,
				C738B556204B4AE500C57A2D /* AppNotifications.swift */,
			);
			path = Safety;
			sourceTree = "<group>";
		};
/* End PBXGroup section */

/* Begin PBXNativeTarget section */
		C7E9F3EF204B27B600E4D8A1 /* Safety */ = {
			isa = PBXNativeTarget;
			buildConfigurationList = C7E9F404204B27B600E4D8A1 /* Build configuration list for PBXNativeTarget "Safety" */;
			buildPhases = (
				649B5EE7F9CCD98835B09998 /* [CP] Check Pods Manifest.lock */,
				C7E9F3EC204B27B600E4D8A1 /* Sources */,
				C7E9F3ED204B27B600E4D8A1 /* Frameworks */,
				C7E9F3EE204B27B600E4D8A1 /* Resources */,
				BDB91752ED4CE14265805650 /* [CP] Embed Pods Frameworks */,
				586D952BADE0C12D6F3EF322 /* [CP] Copy Pods Resources */,
			);
			buildRules = (
			);
			dependencies = (
			);
			name = Safety;
			productName = Safety;
			productReference = C7E9F3F0204B27B600E4D8A1 /* Safety.app */;
			productType = "com.apple.product-type.application";
		};
/* End PBXNativeTarget section */

/* Begin PBXProject section */
		C7E9F3E8204B27B600E4D8A1 /* Project object */ = {
			isa = PBXProject;
			attributes = {
				LastSwiftUpdateCheck = 0920;
				LastUpgradeCheck = 0920;
				ORGANIZATIONNAME = "D'Arcy Smith";
				TargetAttributes = {
					C7E9F3EF204B27B600E4D8A1 = {
						CreatedOnToolsVersion = 9.2;
						ProvisioningStyle = Automatic;
					};
				};
			};
			buildConfigurationList = C7E9F3EB204B27B600E4D8A1 /* Build configuration list for PBXProject "Safety" */;
			compatibilityVersion = "Xcode 8.0";
			developmentRegion = en;
			hasScannedForEncodings = 0;
			knownRegions = (
				en,
				Base,
			);
			mainGroup = C7E9F3E7204B27B600E4D8A1;
			productRefGroup = C7E9F3F1204B27B600E4D8A1 /* Products */;
			projectDirPath = "";
			projectRoot = "";
			targets = (
				C7E9F3EF204B27B600E4D8A1 /* Safety */,
			);
		};
/* End PBXProject section */

/* Begin PBXResourcesBuildPhase section */
		C7E9F3EE204B27B600E4D8A1 /* Resources */ = {
			isa = PBXResourcesBuildPhase;
			buildActionMask = 2147483647;
			files = (
				C7FA30E4204B435F0079475E /* oden-manifest.json in Resources */,
				C7E9F400204B27B600E4D8A1 /* LaunchScreen.storyboard in Resources */,
				C7E9F3FD204B27B600E4D8A1 /* Assets.xcassets in Resources */,
				C7E9F3FB204B27B600E4D8A1 /* Main.storyboard in Resources */,
			);
			runOnlyForDeploymentPostprocessing = 0;
		};
/* End PBXResourcesBuildPhase section */

/* Begin PBXShellScriptBuildPhase section */
		586D952BADE0C12D6F3EF322 /* [CP] Copy Pods Resources */ = {
			isa = PBXShellScriptBuildPhase;
			buildActionMask = 2147483647;
			files = (
			);
			inputPaths = (
			);
			name = "[CP] Copy Pods Resources";
			outputPaths = (
			);
			runOnlyForDeploymentPostprocessing = 0;
			shellPath = /bin/sh;
			shellScript = "\"${SRCROOT}/Pods/Target Support Files/Pods-Safety/Pods-Safety-resources.sh\"\n";
			showEnvVarsInLog = 0;
		};
		649B5EE7F9CCD98835B09998 /* [CP] Check Pods Manifest.lock */ = {
			isa = PBXShellScriptBuildPhase;
			buildActionMask = 2147483647;
			files = (
			);
			inputPaths = (
				"${PODS_PODFILE_DIR_PATH}/Podfile.lock",
				"${PODS_ROOT}/Manifest.lock",
			);
			name = "[CP] Check Pods Manifest.lock";
			outputPaths = (
				"$(DERIVED_FILE_DIR)/Pods-Safety-checkManifestLockResult.txt",
			);
			runOnlyForDeploymentPostprocessing = 0;
			shellPath = /bin/sh;
			shellScript = "diff \"${PODS_PODFILE_DIR_PATH}/Podfile.lock\" \"${PODS_ROOT}/Manifest.lock\" > /dev/null\nif [ $? != 0 ] ; then\n    # print error to STDERR\n    echo \"error: The sandbox is not in sync with the Podfile.lock. Run 'pod install' or update your CocoaPods installation.\" >&2\n    exit 1\nfi\n# This output is used by Xcode 'outputs' to avoid re-running this script phase.\necho \"SUCCESS\" > \"${SCRIPT_OUTPUT_FILE_0}\"\n";
			showEnvVarsInLog = 0;
		};
		BDB91752ED4CE14265805650 /* [CP] Embed Pods Frameworks */ = {
			isa = PBXShellScriptBuildPhase;
			buildActionMask = 2147483647;
			files = (
			);
			inputPaths = (
				"${SRCROOT}/Pods/Target Support Files/Pods-Safety/Pods-Safety-frameworks.sh",
				"${BUILT_PRODUCTS_DIR}/EVReflection/EVReflection.framework",
				"${BUILT_PRODUCTS_DIR}/TraceLog/TraceLog.framework",
				"${BUILT_PRODUCTS_DIR}/ZIPFoundation/ZIPFoundation.framework",
			);
			name = "[CP] Embed Pods Frameworks";
			outputPaths = (
				"${TARGET_BUILD_DIR}/${FRAMEWORKS_FOLDER_PATH}/EVReflection.framework",
				"${TARGET_BUILD_DIR}/${FRAMEWORKS_FOLDER_PATH}/TraceLog.framework",
				"${TARGET_BUILD_DIR}/${FRAMEWORKS_FOLDER_PATH}/ZIPFoundation.framework",
			);
			runOnlyForDeploymentPostprocessing = 0;
			shellPath = /bin/sh;
			shellScript = "\"${SRCROOT}/Pods/Target Support Files/Pods-Safety/Pods-Safety-frameworks.sh\"\n";
			showEnvVarsInLog = 0;
		};
/* End PBXShellScriptBuildPhase section */

/* Begin PBXSourcesBuildPhase section */
		C7E9F3EC204B27B600E4D8A1 /* Sources */ = {
			isa = PBXSourcesBuildPhase;
			buildActionMask = 2147483647;
			files = (
				C738B555204B4A2A00C57A2D /* Notifications.swift in Sources */,
				C7B447BA204B444F00205598 /* Manifest.swift in Sources */,
				C7B447BB204B444F00205598 /* ManifestDownloader.swift in Sources */,
				C7B447B7204B444F00205598 /* Downloader.swift in Sources */,
				C7E9F3F8204B27B600E4D8A1 /* SecondViewController.swift in Sources */,
				C7B447B8204B444F00205598 /* SyncUtils.swift in Sources */,
				C7E9F3F4204B27B600E4D8A1 /* AppDelegate.swift in Sources */,
				C7E9F3F6204B27B600E4D8A1 /* FirstViewController.swift in Sources */,
				C738B557204B4AE500C57A2D /* AppNotifications.swift in Sources */,
				C7B447BC204B444F00205598 /* ManifestDownloaderDelegate.swift in Sources */,
				C7B447B6204B444F00205598 /* ManifestEntry.swift in Sources */,
			);
			runOnlyForDeploymentPostprocessing = 0;
		};
/* End PBXSourcesBuildPhase section */

/* Begin PBXVariantGroup section */
		C7E9F3F9204B27B600E4D8A1 /* Main.storyboard */ = {
			isa = PBXVariantGroup;
			children = (
				C7E9F3FA204B27B600E4D8A1 /* Base */,
			);
			name = Main.storyboard;
			sourceTree = "<group>";
		};
		C7E9F3FE204B27B600E4D8A1 /* LaunchScreen.storyboard */ = {
			isa = PBXVariantGroup;
			children = (
				C7E9F3FF204B27B600E4D8A1 /* Base */,
			);
			name = LaunchScreen.storyboard;
			sourceTree = "<group>";
		};
/* End PBXVariantGroup section */

/* Begin XCBuildConfiguration section */
		C7E9F402204B27B600E4D8A1 /* Debug */ = {
			isa = XCBuildConfiguration;
			buildSettings = {
				ALWAYS_SEARCH_USER_PATHS = NO;
				CLANG_ANALYZER_NONNULL = YES;
				CLANG_ANALYZER_NUMBER_OBJECT_CONVERSION = YES_AGGRESSIVE;
				CLANG_CXX_LANGUAGE_STANDARD = "gnu++14";
				CLANG_CXX_LIBRARY = "libc++";
				CLANG_ENABLE_MODULES = YES;
				CLANG_ENABLE_OBJC_ARC = YES;
				CLANG_WARN_BLOCK_CAPTURE_AUTORELEASING = YES;
				CLANG_WARN_BOOL_CONVERSION = YES;
				CLANG_WARN_COMMA = YES;
				CLANG_WARN_CONSTANT_CONVERSION = YES;
				CLANG_WARN_DIRECT_OBJC_ISA_USAGE = YES_ERROR;
				CLANG_WARN_DOCUMENTATION_COMMENTS = YES;
				CLANG_WARN_EMPTY_BODY = YES;
				CLANG_WARN_ENUM_CONVERSION = YES;
				CLANG_WARN_INFINITE_RECURSION = YES;
				CLANG_WARN_INT_CONVERSION = YES;
				CLANG_WARN_NON_LITERAL_NULL_CONVERSION = YES;
				CLANG_WARN_OBJC_LITERAL_CONVERSION = YES;
				CLANG_WARN_OBJC_ROOT_CLASS = YES_ERROR;
				CLANG_WARN_RANGE_LOOP_ANALYSIS = YES;
				CLANG_WARN_STRICT_PROTOTYPES = YES;
				CLANG_WARN_SUSPICIOUS_MOVE = YES;
				CLANG_WARN_UNGUARDED_AVAILABILITY = YES_AGGRESSIVE;
				CLANG_WARN_UNREACHABLE_CODE = YES;
				CLANG_WARN__DUPLICATE_METHOD_MATCH = YES;
				CODE_SIGN_IDENTITY = "iPhone Developer";
				COPY_PHASE_STRIP = NO;
				DEBUG_INFORMATION_FORMAT = dwarf;
				ENABLE_STRICT_OBJC_MSGSEND = YES;
				ENABLE_TESTABILITY = YES;
				GCC_C_LANGUAGE_STANDARD = gnu11;
				GCC_DYNAMIC_NO_PIC = NO;
				GCC_NO_COMMON_BLOCKS = YES;
				GCC_OPTIMIZATION_LEVEL = 0;
				GCC_PREPROCESSOR_DEFINITIONS = (
					"DEBUG=1",
					"$(inherited)",
				);
				GCC_WARN_64_TO_32_BIT_CONVERSION = YES;
				GCC_WARN_ABOUT_RETURN_TYPE = YES_ERROR;
				GCC_WARN_UNDECLARED_SELECTOR = YES;
				GCC_WARN_UNINITIALIZED_AUTOS = YES_AGGRESSIVE;
				GCC_WARN_UNUSED_FUNCTION = YES;
				GCC_WARN_UNUSED_VARIABLE = YES;
				IPHONEOS_DEPLOYMENT_TARGET = 11.2;
				MTL_ENABLE_DEBUG_INFO = YES;
				ONLY_ACTIVE_ARCH = YES;
				SDKROOT = iphoneos;
				SWIFT_ACTIVE_COMPILATION_CONDITIONS = DEBUG;
				SWIFT_OPTIMIZATION_LEVEL = "-Onone";
			};
			name = Debug;
		};
		C7E9F403204B27B600E4D8A1 /* Release */ = {
			isa = XCBuildConfiguration;
			buildSettings = {
				ALWAYS_SEARCH_USER_PATHS = NO;
				CLANG_ANALYZER_NONNULL = YES;
				CLANG_ANALYZER_NUMBER_OBJECT_CONVERSION = YES_AGGRESSIVE;
				CLANG_CXX_LANGUAGE_STANDARD = "gnu++14";
				CLANG_CXX_LIBRARY = "libc++";
				CLANG_ENABLE_MODULES = YES;
				CLANG_ENABLE_OBJC_ARC = YES;
				CLANG_WARN_BLOCK_CAPTURE_AUTORELEASING = YES;
				CLANG_WARN_BOOL_CONVERSION = YES;
				CLANG_WARN_COMMA = YES;
				CLANG_WARN_CONSTANT_CONVERSION = YES;
				CLANG_WARN_DIRECT_OBJC_ISA_USAGE = YES_ERROR;
				CLANG_WARN_DOCUMENTATION_COMMENTS = YES;
				CLANG_WARN_EMPTY_BODY = YES;
				CLANG_WARN_ENUM_CONVERSION = YES;
				CLANG_WARN_INFINITE_RECURSION = YES;
				CLANG_WARN_INT_CONVERSION = YES;
				CLANG_WARN_NON_LITERAL_NULL_CONVERSION = YES;
				CLANG_WARN_OBJC_LITERAL_CONVERSION = YES;
				CLANG_WARN_OBJC_ROOT_CLASS = YES_ERROR;
				CLANG_WARN_RANGE_LOOP_ANALYSIS = YES;
				CLANG_WARN_STRICT_PROTOTYPES = YES;
				CLANG_WARN_SUSPICIOUS_MOVE = YES;
				CLANG_WARN_UNGUARDED_AVAILABILITY = YES_AGGRESSIVE;
				CLANG_WARN_UNREACHABLE_CODE = YES;
				CLANG_WARN__DUPLICATE_METHOD_MATCH = YES;
				CODE_SIGN_IDENTITY = "iPhone Developer";
				COPY_PHASE_STRIP = NO;
				DEBUG_INFORMATION_FORMAT = "dwarf-with-dsym";
				ENABLE_NS_ASSERTIONS = NO;
				ENABLE_STRICT_OBJC_MSGSEND = YES;
				GCC_C_LANGUAGE_STANDARD = gnu11;
				GCC_NO_COMMON_BLOCKS = YES;
				GCC_WARN_64_TO_32_BIT_CONVERSION = YES;
				GCC_WARN_ABOUT_RETURN_TYPE = YES_ERROR;
				GCC_WARN_UNDECLARED_SELECTOR = YES;
				GCC_WARN_UNINITIALIZED_AUTOS = YES_AGGRESSIVE;
				GCC_WARN_UNUSED_FUNCTION = YES;
				GCC_WARN_UNUSED_VARIABLE = YES;
				IPHONEOS_DEPLOYMENT_TARGET = 11.2;
				MTL_ENABLE_DEBUG_INFO = NO;
				SDKROOT = iphoneos;
				SWIFT_OPTIMIZATION_LEVEL = "-Owholemodule";
				VALIDATE_PRODUCT = YES;
			};
			name = Release;
		};
		C7E9F405204B27B600E4D8A1 /* Debug */ = {
			isa = XCBuildConfiguration;
			baseConfigurationReference = FDA285BC303039220137BFBF /* Pods-Safety.debug.xcconfig */;
			buildSettings = {
				ASSETCATALOG_COMPILER_APPICON_NAME = AppIcon;
				CODE_SIGN_STYLE = Automatic;
				DEVELOPMENT_TEAM = L9GR6R2227;
				INFOPLIST_FILE = Safety/Info.plist;
				IPHONEOS_DEPLOYMENT_TARGET = 10.0;
				LD_RUNPATH_SEARCH_PATHS = "$(inherited) @executable_path/Frameworks";
				PRODUCT_BUNDLE_IDENTIFIER = com.terratap.Safety;
				PRODUCT_NAME = "$(TARGET_NAME)";
				SWIFT_VERSION = 4.0;
				TARGETED_DEVICE_FAMILY = "1,2";
			};
			name = Debug;
		};
		C7E9F406204B27B600E4D8A1 /* Release */ = {
			isa = XCBuildConfiguration;
			baseConfigurationReference = 726C045253CC989B51F27C46 /* Pods-Safety.release.xcconfig */;
			buildSettings = {
				ASSETCATALOG_COMPILER_APPICON_NAME = AppIcon;
				CODE_SIGN_STYLE = Automatic;
				DEVELOPMENT_TEAM = L9GR6R2227;
				INFOPLIST_FILE = Safety/Info.plist;
				IPHONEOS_DEPLOYMENT_TARGET = 10.0;
				LD_RUNPATH_SEARCH_PATHS = "$(inherited) @executable_path/Frameworks";
				PRODUCT_BUNDLE_IDENTIFIER = com.terratap.Safety;
				PRODUCT_NAME = "$(TARGET_NAME)";
				SWIFT_VERSION = 4.0;
				TARGETED_DEVICE_FAMILY = "1,2";
			};
			name = Release;
		};
/* End XCBuildConfiguration section */

/* Begin XCConfigurationList section */
		C7E9F3EB204B27B600E4D8A1 /* Build configuration list for PBXProject "Safety" */ = {
			isa = XCConfigurationList;
			buildConfigurations = (
				C7E9F402204B27B600E4D8A1 /* Debug */,
				C7E9F403204B27B600E4D8A1 /* Release */,
			);
			defaultConfigurationIsVisible = 0;
			defaultConfigurationName = Release;
		};
		C7E9F404204B27B600E4D8A1 /* Build configuration list for PBXNativeTarget "Safety" */ = {
			isa = XCConfigurationList;
			buildConfigurations = (
				C7E9F405204B27B600E4D8A1 /* Debug */,
				C7E9F406204B27B600E4D8A1 /* Release */,
			);
			defaultConfigurationIsVisible = 0;
			defaultConfigurationName = Release;
		};
/* End XCConfigurationList section */
	};
	rootObject = C7E9F3E8204B27B600E4D8A1 /* Project object */;
}
